
Microsoft Visual Studio Solution File, Format Version 12.00
# Visual Studio Version 16
VisualStudioVersion = 16.0.31410.357
MinimumVisualStudioVersion = 10.0.40219.1
Project("{FAE04EC0-301F-11D3-BF4B-00C04F79EFBC}") = "sumAVGOfNumbers", "sumAVGOfNumbers\sumAVGOfNumbers.csproj", "{D520BD73-4D57-49F7-9C27-F643C8FEE09C}"
EndProject
Global
	GlobalSection(SolutionConfigurationPlatforms) = preSolution
		Debug|Any CPU = Debug|Any CPU
		Release|Any CPU = Release|Any CPU
	EndGlobalSection
	GlobalSection(ProjectConfigurationPlatforms) = postSolution
		{D520BD73-4D57-49F7-9C27-F643C8FEE09C}.Debug|Any CPU.ActiveCfg = Debug|Any CPU
		{D520BD73-4D57-49F7-9C27-F643C8FEE09C}.Debug|Any CPU.Build.0 = Debug|Any CPU
		{D520BD73-4D57-49F7-9C27-F643C8FEE09C}.Release|Any CPU.ActiveCfg = Release|Any CPU
		{D520BD73-4D57-49F7-9C27-F643C8FEE09C}.Release|Any CPU.Build.0 = Release|Any CPU
	EndGlobalSection
	GlobalSection(SolutionProperties) = preSolution
		HideSolutionNode = FALSE
	EndGlobalSection
	GlobalSection(ExtensibilityGlobals) = postSolution
		SolutionGuid = {61F1A278-1362-41B1-8D98-47738FC680B2}
	EndGlobalSection
EndGlobal
