
Microsoft Visual Studio Solution File, Format Version 12.00
# Visual Studio Version 16
VisualStudioVersion = 16.0.31321.278
MinimumVisualStudioVersion = 10.0.40219.1
Project("{FAE04EC0-301F-11D3-BF4B-00C04F79EFBC}") = "working_w_strings", "working_w_strings\working_w_strings.csproj", "{80991599-66B4-4C35-8EFD-F5942D958A04}"
EndProject
Global
	GlobalSection(SolutionConfigurationPlatforms) = preSolution
		Debug|Any CPU = Debug|Any CPU
		Release|Any CPU = Release|Any CPU
	EndGlobalSection
	GlobalSection(ProjectConfigurationPlatforms) = postSolution
		{80991599-66B4-4C35-8EFD-F5942D958A04}.Debug|Any CPU.ActiveCfg = Debug|Any CPU
		{80991599-66B4-4C35-8EFD-F5942D958A04}.Debug|Any CPU.Build.0 = Debug|Any CPU
		{80991599-66B4-4C35-8EFD-F5942D958A04}.Release|Any CPU.ActiveCfg = Release|Any CPU
		{80991599-66B4-4C35-8EFD-F5942D958A04}.Release|Any CPU.Build.0 = Release|Any CPU
	EndGlobalSection
	GlobalSection(SolutionProperties) = preSolution
		HideSolutionNode = FALSE
	EndGlobalSection
	GlobalSection(ExtensibilityGlobals) = postSolution
		SolutionGuid = {E462C6E7-9CAA-41E3-97C9-74F96A0C1D7E}
	EndGlobalSection
EndGlobal
