
Microsoft Visual Studio Solution File, Format Version 12.00
# Visual Studio Version 16
VisualStudioVersion = 16.0.31321.278
MinimumVisualStudioVersion = 10.0.40219.1
Project("{FAE04EC0-301F-11D3-BF4B-00C04F79EFBC}") = "calculator", "calculator\calculator.csproj", "{4948D5D3-2BBE-4439-916F-5C3102D4275E}"
EndProject
Global
	GlobalSection(SolutionConfigurationPlatforms) = preSolution
		Debug|Any CPU = Debug|Any CPU
		Release|Any CPU = Release|Any CPU
	EndGlobalSection
	GlobalSection(ProjectConfigurationPlatforms) = postSolution
		{4948D5D3-2BBE-4439-916F-5C3102D4275E}.Debug|Any CPU.ActiveCfg = Debug|Any CPU
		{4948D5D3-2BBE-4439-916F-5C3102D4275E}.Debug|Any CPU.Build.0 = Debug|Any CPU
		{4948D5D3-2BBE-4439-916F-5C3102D4275E}.Release|Any CPU.ActiveCfg = Release|Any CPU
		{4948D5D3-2BBE-4439-916F-5C3102D4275E}.Release|Any CPU.Build.0 = Release|Any CPU
	EndGlobalSection
	GlobalSection(SolutionProperties) = preSolution
		HideSolutionNode = FALSE
	EndGlobalSection
	GlobalSection(ExtensibilityGlobals) = postSolution
		SolutionGuid = {68695E81-5D44-4117-B6E8-78C15E71C6AA}
	EndGlobalSection
EndGlobal
