
Microsoft Visual Studio Solution File, Format Version 12.00
# Visual Studio Version 16
VisualStudioVersion = 16.0.31410.357
MinimumVisualStudioVersion = 10.0.40219.1
Project("{FAE04EC0-301F-11D3-BF4B-00C04F79EFBC}") = "COMP1202_S20_Assg1_101232721", "COMP1202_S20_Assg1_101232721\COMP1202_S20_Assg1_101232721.csproj", "{2F264E4E-F733-48E5-A96D-BC698DC56315}"
EndProject
Global
	GlobalSection(SolutionConfigurationPlatforms) = preSolution
		Debug|Any CPU = Debug|Any CPU
		Release|Any CPU = Release|Any CPU
	EndGlobalSection
	GlobalSection(ProjectConfigurationPlatforms) = postSolution
		{2F264E4E-F733-48E5-A96D-BC698DC56315}.Debug|Any CPU.ActiveCfg = Debug|Any CPU
		{2F264E4E-F733-48E5-A96D-BC698DC56315}.Debug|Any CPU.Build.0 = Debug|Any CPU
		{2F264E4E-F733-48E5-A96D-BC698DC56315}.Release|Any CPU.ActiveCfg = Release|Any CPU
		{2F264E4E-F733-48E5-A96D-BC698DC56315}.Release|Any CPU.Build.0 = Release|Any CPU
	EndGlobalSection
	GlobalSection(SolutionProperties) = preSolution
		HideSolutionNode = FALSE
	EndGlobalSection
	GlobalSection(ExtensibilityGlobals) = postSolution
		SolutionGuid = {411BFE9F-BA80-449F-A7C3-029BF73AF73E}
	EndGlobalSection
EndGlobal
